
Microsoft Visual Studio Solution File, Format Version 12.00
# Visual Studio Version 17
VisualStudioVersion = 17.9.34728.123
MinimumVisualStudioVersion = 10.0.40219.1
Project("{9A19103F-16F7-4668-BE54-9A1E7A4F7556}") = "TaskGems", "TaskGems\TaskGems.csproj", "{A883B50B-152B-4BA9-B5CE-FFDD1C85725C}"
EndProject
Project("{9A19103F-16F7-4668-BE54-9A1E7A4F7556}") = "TaskGems.Core", "TaskGems.Core\TaskGems.Core.csproj", "{618BAB33-6181-4A3F-9B9B-902122784527}"
EndProject
Project("{9A19103F-16F7-4668-BE54-9A1E7A4F7556}") = "TaskGems.DataAccess", "TaskGems.DataAccess\TaskGems.DataAccess.csproj", "{79873360-CEEC-4A0C-B154-631B53A3A298}"
EndProject
Project("{9A19103F-16F7-4668-BE54-9A1E7A4F7556}") = "TaskGems.Infrastructure", "TaskGems.Infrastructure\TaskGems.Infrastructure.csproj", "{2C4FBA90-909A-4596-A9C4-186635C6A025}"
EndProject
Project("{FAE04EC0-301F-11D3-BF4B-00C04F79EFBC}") = "TaskGems.XUnitTest", "TaskGems.XUnitTest\TaskGems.XUnitTest.csproj", "{77DCB1E5-C3C4-457D-83D6-A29B3E265147}"
EndProject
Global
	GlobalSection(SolutionConfigurationPlatforms) = preSolution
		Debug|Any CPU = Debug|Any CPU
		Release|Any CPU = Release|Any CPU
	EndGlobalSection
	GlobalSection(ProjectConfigurationPlatforms) = postSolution
		{A883B50B-152B-4BA9-B5CE-FFDD1C85725C}.Debug|Any CPU.ActiveCfg = Debug|Any CPU
		{A883B50B-152B-4BA9-B5CE-FFDD1C85725C}.Debug|Any CPU.Build.0 = Debug|Any CPU
		{A883B50B-152B-4BA9-B5CE-FFDD1C85725C}.Release|Any CPU.ActiveCfg = Release|Any CPU
		{A883B50B-152B-4BA9-B5CE-FFDD1C85725C}.Release|Any CPU.Build.0 = Release|Any CPU
		{618BAB33-6181-4A3F-9B9B-902122784527}.Debug|Any CPU.ActiveCfg = Debug|Any CPU
		{618BAB33-6181-4A3F-9B9B-902122784527}.Debug|Any CPU.Build.0 = Debug|Any CPU
		{618BAB33-6181-4A3F-9B9B-902122784527}.Release|Any CPU.ActiveCfg = Release|Any CPU
		{618BAB33-6181-4A3F-9B9B-902122784527}.Release|Any CPU.Build.0 = Release|Any CPU
		{79873360-CEEC-4A0C-B154-631B53A3A298}.Debug|Any CPU.ActiveCfg = Debug|Any CPU
		{79873360-CEEC-4A0C-B154-631B53A3A298}.Debug|Any CPU.Build.0 = Debug|Any CPU
		{79873360-CEEC-4A0C-B154-631B53A3A298}.Release|Any CPU.ActiveCfg = Release|Any CPU
		{79873360-CEEC-4A0C-B154-631B53A3A298}.Release|Any CPU.Build.0 = Release|Any CPU
		{2C4FBA90-909A-4596-A9C4-186635C6A025}.Debug|Any CPU.ActiveCfg = Debug|Any CPU
		{2C4FBA90-909A-4596-A9C4-186635C6A025}.Debug|Any CPU.Build.0 = Debug|Any CPU
		{2C4FBA90-909A-4596-A9C4-186635C6A025}.Release|Any CPU.ActiveCfg = Release|Any CPU
		{2C4FBA90-909A-4596-A9C4-186635C6A025}.Release|Any CPU.Build.0 = Release|Any CPU
		{77DCB1E5-C3C4-457D-83D6-A29B3E265147}.Debug|Any CPU.ActiveCfg = Debug|Any CPU
		{77DCB1E5-C3C4-457D-83D6-A29B3E265147}.Debug|Any CPU.Build.0 = Debug|Any CPU
		{77DCB1E5-C3C4-457D-83D6-A29B3E265147}.Release|Any CPU.ActiveCfg = Release|Any CPU
		{77DCB1E5-C3C4-457D-83D6-A29B3E265147}.Release|Any CPU.Build.0 = Release|Any CPU
	EndGlobalSection
	GlobalSection(SolutionProperties) = preSolution
		HideSolutionNode = FALSE
	EndGlobalSection
	GlobalSection(ExtensibilityGlobals) = postSolution
		SolutionGuid = {DA4DF85F-A55C-4C22-89D0-B52CCC5E5B0A}
	EndGlobalSection
EndGlobal
